// !$*UTF8*$!
{
	archiveVersion = 1;
	classes = {
	};
	objectVersion = 50;
	objects = {

/* Begin PBXBuildFile section */
		00A5ECCC894919DBC1EF3C20 /* Pods_flow.framework in Frameworks */ = {isa = PBXBuildFile; fileRef = B3A1E9D5F82A2217CC1FA159 /* Pods_flow.framework */; };
		D7B7E5092229D6B900FEB6A4 /* AppDelegate.swift in Sources */ = {isa = PBXBuildFile; fileRef = D7B7E5082229D6B900FEB6A4 /* AppDelegate.swift */; };
		D7B7E50B2229D6B900FEB6A4 /* ViewController.swift in Sources */ = {isa = PBXBuildFile; fileRef = D7B7E50A2229D6B900FEB6A4 /* ViewController.swift */; };
		D7B7E50E2229D6B900FEB6A4 /* Main.storyboard in Resources */ = {isa = PBXBuildFile; fileRef = D7B7E50C2229D6B900FEB6A4 /* Main.storyboard */; };
		D7B7E5102229D6BB00FEB6A4 /* Assets.xcassets in Resources */ = {isa = PBXBuildFile; fileRef = D7B7E50F2229D6BB00FEB6A4 /* Assets.xcassets */; };
		D7B7E5132229D6BB00FEB6A4 /* LaunchScreen.storyboard in Resources */ = {isa = PBXBuildFile; fileRef = D7B7E5112229D6BB00FEB6A4 /* LaunchScreen.storyboard */; };
		D7B7E51C2229D7F000FEB6A4 /* LoginView.swift in Sources */ = {isa = PBXBuildFile; fileRef = D7B7E51B2229D7F000FEB6A4 /* LoginView.swift */; };
		D7B7E51E2229D80100FEB6A4 /* PlaylistView.swift in Sources */ = {isa = PBXBuildFile; fileRef = D7B7E51D2229D80100FEB6A4 /* PlaylistView.swift */; };
		D7B7E5202229D81E00FEB6A4 /* ChannelsView.swift in Sources */ = {isa = PBXBuildFile; fileRef = D7B7E51F2229D81E00FEB6A4 /* ChannelsView.swift */; };
		D7B7E5222229D84F00FEB6A4 /* ProfileView.swift in Sources */ = {isa = PBXBuildFile; fileRef = D7B7E5212229D84F00FEB6A4 /* ProfileView.swift */; };
		D7B7E5252229D88700FEB6A4 /* Video.swift in Sources */ = {isa = PBXBuildFile; fileRef = D7B7E5242229D88700FEB6A4 /* Video.swift */; };
		D7B7E5272229D89400FEB6A4 /* User.swift in Sources */ = {isa = PBXBuildFile; fileRef = D7B7E5262229D89400FEB6A4 /* User.swift */; };
		D7B7E52A2229DC0C00FEB6A4 /* ChannelViewController.swift in Sources */ = {isa = PBXBuildFile; fileRef = D7B7E5292229DC0C00FEB6A4 /* ChannelViewController.swift */; };
		D7B7E52C2229DC1800FEB6A4 /* AuthViewController.swift in Sources */ = {isa = PBXBuildFile; fileRef = D7B7E52B2229DC1800FEB6A4 /* AuthViewController.swift */; };
		D7B7E52E2229DC2F00FEB6A4 /* PlaylistViewController.swift in Sources */ = {isa = PBXBuildFile; fileRef = D7B7E52D2229DC2F00FEB6A4 /* PlaylistViewController.swift */; };
		D7B7E5302229DC3700FEB6A4 /* ProfileViewController.swift in Sources */ = {isa = PBXBuildFile; fileRef = D7B7E52F2229DC3700FEB6A4 /* ProfileViewController.swift */; };
		D7B7E5342229DCC900FEB6A4 /* StorageManager.swift in Sources */ = {isa = PBXBuildFile; fileRef = D7B7E5332229DCC900FEB6A4 /* StorageManager.swift */; };
		D7B7E5362229DD4C00FEB6A4 /* DatabaseManager.swift in Sources */ = {isa = PBXBuildFile; fileRef = D7B7E5352229DD4C00FEB6A4 /* DatabaseManager.swift */; };
		D7B7E5382229DDE300FEB6A4 /* NetworkManager.swift in Sources */ = {isa = PBXBuildFile; fileRef = D7B7E5372229DDE300FEB6A4 /* NetworkManager.swift */; };
		D7B7E53A2229DE7900FEB6A4 /* VideoAPIClient.swift in Sources */ = {isa = PBXBuildFile; fileRef = D7B7E5392229DE7900FEB6A4 /* VideoAPIClient.swift */; };
		D7FEB52D2229ED34004C77C6 /* FirebaseError.swift in Sources */ = {isa = PBXBuildFile; fileRef = D7FEB52C2229ED34004C77C6 /* FirebaseError.swift */; };
		D7FEB52F2229F62F004C77C6 /* GoogleService-Info.plist in Resources */ = {isa = PBXBuildFile; fileRef = D7FEB52E2229F62F004C77C6 /* GoogleService-Info.plist */; };
		D7FEB5312229F6F2004C77C6 /* SessionManager.swift in Sources */ = {isa = PBXBuildFile; fileRef = D7FEB5302229F6F2004C77C6 /* SessionManager.swift */; };
/* End PBXBuildFile section */

/* Begin PBXFileReference section */
		9B7900EE5ED477527D2D985D /* Pods-flow.debug.xcconfig */ = {isa = PBXFileReference; includeInIndex = 1; lastKnownFileType = text.xcconfig; name = "Pods-flow.debug.xcconfig"; path = "Target Support Files/Pods-flow/Pods-flow.debug.xcconfig"; sourceTree = "<group>"; };
		A0A60204C6F795C428843277 /* Pods-flow.release.xcconfig */ = {isa = PBXFileReference; includeInIndex = 1; lastKnownFileType = text.xcconfig; name = "Pods-flow.release.xcconfig"; path = "Target Support Files/Pods-flow/Pods-flow.release.xcconfig"; sourceTree = "<group>"; };
		B3A1E9D5F82A2217CC1FA159 /* Pods_flow.framework */ = {isa = PBXFileReference; explicitFileType = wrapper.framework; includeInIndex = 0; path = Pods_flow.framework; sourceTree = BUILT_PRODUCTS_DIR; };
		D7B7E5052229D6B900FEB6A4 /* flow.app */ = {isa = PBXFileReference; explicitFileType = wrapper.application; includeInIndex = 0; path = flow.app; sourceTree = BUILT_PRODUCTS_DIR; };
		D7B7E5082229D6B900FEB6A4 /* AppDelegate.swift */ = {isa = PBXFileReference; lastKnownFileType = sourcecode.swift; path = AppDelegate.swift; sourceTree = "<group>"; };
		D7B7E50A2229D6B900FEB6A4 /* ViewController.swift */ = {isa = PBXFileReference; lastKnownFileType = sourcecode.swift; path = ViewController.swift; sourceTree = "<group>"; };
		D7B7E50D2229D6B900FEB6A4 /* Base */ = {isa = PBXFileReference; lastKnownFileType = file.storyboard; name = Base; path = Base.lproj/Main.storyboard; sourceTree = "<group>"; };
		D7B7E50F2229D6BB00FEB6A4 /* Assets.xcassets */ = {isa = PBXFileReference; lastKnownFileType = folder.assetcatalog; path = Assets.xcassets; sourceTree = "<group>"; };
		D7B7E5122229D6BB00FEB6A4 /* Base */ = {isa = PBXFileReference; lastKnownFileType = file.storyboard; name = Base; path = Base.lproj/LaunchScreen.storyboard; sourceTree = "<group>"; };
		D7B7E5142229D6BB00FEB6A4 /* Info.plist */ = {isa = PBXFileReference; lastKnownFileType = text.plist.xml; path = Info.plist; sourceTree = "<group>"; };
		D7B7E51B2229D7F000FEB6A4 /* LoginView.swift */ = {isa = PBXFileReference; lastKnownFileType = sourcecode.swift; path = LoginView.swift; sourceTree = "<group>"; };
		D7B7E51D2229D80100FEB6A4 /* PlaylistView.swift */ = {isa = PBXFileReference; lastKnownFileType = sourcecode.swift; path = PlaylistView.swift; sourceTree = "<group>"; };
		D7B7E51F2229D81E00FEB6A4 /* ChannelsView.swift */ = {isa = PBXFileReference; lastKnownFileType = sourcecode.swift; path = ChannelsView.swift; sourceTree = "<group>"; };
		D7B7E5212229D84F00FEB6A4 /* ProfileView.swift */ = {isa = PBXFileReference; lastKnownFileType = sourcecode.swift; path = ProfileView.swift; sourceTree = "<group>"; };
		D7B7E5242229D88700FEB6A4 /* Video.swift */ = {isa = PBXFileReference; lastKnownFileType = sourcecode.swift; path = Video.swift; sourceTree = "<group>"; };
		D7B7E5262229D89400FEB6A4 /* User.swift */ = {isa = PBXFileReference; lastKnownFileType = sourcecode.swift; path = User.swift; sourceTree = "<group>"; };
		D7B7E5292229DC0C00FEB6A4 /* ChannelViewController.swift */ = {isa = PBXFileReference; lastKnownFileType = sourcecode.swift; path = ChannelViewController.swift; sourceTree = "<group>"; };
		D7B7E52B2229DC1800FEB6A4 /* AuthViewController.swift */ = {isa = PBXFileReference; lastKnownFileType = sourcecode.swift; path = AuthViewController.swift; sourceTree = "<group>"; };
		D7B7E52D2229DC2F00FEB6A4 /* PlaylistViewController.swift */ = {isa = PBXFileReference; lastKnownFileType = sourcecode.swift; path = PlaylistViewController.swift; sourceTree = "<group>"; };
		D7B7E52F2229DC3700FEB6A4 /* ProfileViewController.swift */ = {isa = PBXFileReference; lastKnownFileType = sourcecode.swift; path = ProfileViewController.swift; sourceTree = "<group>"; };
		D7B7E5332229DCC900FEB6A4 /* StorageManager.swift */ = {isa = PBXFileReference; lastKnownFileType = sourcecode.swift; path = StorageManager.swift; sourceTree = "<group>"; };
		D7B7E5352229DD4C00FEB6A4 /* DatabaseManager.swift */ = {isa = PBXFileReference; lastKnownFileType = sourcecode.swift; path = DatabaseManager.swift; sourceTree = "<group>"; };
		D7B7E5372229DDE300FEB6A4 /* NetworkManager.swift */ = {isa = PBXFileReference; lastKnownFileType = sourcecode.swift; path = NetworkManager.swift; sourceTree = "<group>"; };
		D7B7E5392229DE7900FEB6A4 /* VideoAPIClient.swift */ = {isa = PBXFileReference; lastKnownFileType = sourcecode.swift; path = VideoAPIClient.swift; sourceTree = "<group>"; };
		D7FEB52C2229ED34004C77C6 /* FirebaseError.swift */ = {isa = PBXFileReference; lastKnownFileType = sourcecode.swift; path = FirebaseError.swift; sourceTree = "<group>"; };
		D7FEB52E2229F62F004C77C6 /* GoogleService-Info.plist */ = {isa = PBXFileReference; fileEncoding = 4; lastKnownFileType = text.plist.xml; path = "GoogleService-Info.plist"; sourceTree = "<group>"; };
		D7FEB5302229F6F2004C77C6 /* SessionManager.swift */ = {isa = PBXFileReference; lastKnownFileType = sourcecode.swift; path = SessionManager.swift; sourceTree = "<group>"; };
/* End PBXFileReference section */

/* Begin PBXFrameworksBuildPhase section */
		D7B7E5022229D6B900FEB6A4 /* Frameworks */ = {
			isa = PBXFrameworksBuildPhase;
			buildActionMask = 2147483647;
			files = (
				00A5ECCC894919DBC1EF3C20 /* Pods_flow.framework in Frameworks */,
			);
			runOnlyForDeploymentPostprocessing = 0;
		};
/* End PBXFrameworksBuildPhase section */

/* Begin PBXGroup section */
		A0EA1D0932F40424BA752D5B /* Frameworks */ = {
			isa = PBXGroup;
			children = (
				B3A1E9D5F82A2217CC1FA159 /* Pods_flow.framework */,
			);
			name = Frameworks;
			sourceTree = "<group>";
		};
		B3728E0FE859DAB77EF37258 /* Pods */ = {
			isa = PBXGroup;
			children = (
				9B7900EE5ED477527D2D985D /* Pods-flow.debug.xcconfig */,
				A0A60204C6F795C428843277 /* Pods-flow.release.xcconfig */,
			);
			path = Pods;
			sourceTree = "<group>";
		};
		D7B7E4FC2229D6B900FEB6A4 = {
			isa = PBXGroup;
			children = (
				D7B7E5072229D6B900FEB6A4 /* flow */,
				D7B7E5062229D6B900FEB6A4 /* Products */,
				B3728E0FE859DAB77EF37258 /* Pods */,
				A0EA1D0932F40424BA752D5B /* Frameworks */,
			);
			sourceTree = "<group>";
		};
		D7B7E5062229D6B900FEB6A4 /* Products */ = {
			isa = PBXGroup;
			children = (
				D7B7E5052229D6B900FEB6A4 /* flow.app */,
			);
			name = Products;
			sourceTree = "<group>";
		};
		D7B7E5072229D6B900FEB6A4 /* flow */ = {
			isa = PBXGroup;
			children = (
				D7B7E5082229D6B900FEB6A4 /* AppDelegate.swift */,
				D7B7E5322229DC8C00FEB6A4 /* Firebase Utilities */,
				D7B7E5312229DC8200FEB6A4 /* Network Services */,
				D7B7E5282229DBE100FEB6A4 /* Controllers */,
				D7B7E5232229D87200FEB6A4 /* Models */,
				D7B7E51A2229D7DE00FEB6A4 /* Views */,
				D7B7E50C2229D6B900FEB6A4 /* Main.storyboard */,
				D7B7E50F2229D6BB00FEB6A4 /* Assets.xcassets */,
				D7B7E5112229D6BB00FEB6A4 /* LaunchScreen.storyboard */,
				D7FEB52E2229F62F004C77C6 /* GoogleService-Info.plist */,
				D7B7E5142229D6BB00FEB6A4 /* Info.plist */,
			);
			path = flow;
			sourceTree = "<group>";
		};
		D7B7E51A2229D7DE00FEB6A4 /* Views */ = {
			isa = PBXGroup;
			children = (
				D7B7E51B2229D7F000FEB6A4 /* LoginView.swift */,
				D7B7E51D2229D80100FEB6A4 /* PlaylistView.swift */,
				D7B7E51F2229D81E00FEB6A4 /* ChannelsView.swift */,
				D7B7E5212229D84F00FEB6A4 /* ProfileView.swift */,
			);
			path = Views;
			sourceTree = "<group>";
		};
		D7B7E5232229D87200FEB6A4 /* Models */ = {
			isa = PBXGroup;
			children = (
				D7B7E5242229D88700FEB6A4 /* Video.swift */,
				D7B7E5262229D89400FEB6A4 /* User.swift */,
			);
			path = Models;
			sourceTree = "<group>";
		};
		D7B7E5282229DBE100FEB6A4 /* Controllers */ = {
			isa = PBXGroup;
			children = (
				D7B7E50A2229D6B900FEB6A4 /* ViewController.swift */,
				D7B7E5292229DC0C00FEB6A4 /* ChannelViewController.swift */,
				D7B7E52B2229DC1800FEB6A4 /* AuthViewController.swift */,
				D7B7E52D2229DC2F00FEB6A4 /* PlaylistViewController.swift */,
				D7B7E52F2229DC3700FEB6A4 /* ProfileViewController.swift */,
			);
			path = Controllers;
			sourceTree = "<group>";
		};
		D7B7E5312229DC8200FEB6A4 /* Network Services */ = {
			isa = PBXGroup;
			children = (
				D7B7E5392229DE7900FEB6A4 /* VideoAPIClient.swift */,
				D7B7E5372229DDE300FEB6A4 /* NetworkManager.swift */,
			);
			path = "Network Services";
			sourceTree = "<group>";
		};
		D7B7E5322229DC8C00FEB6A4 /* Firebase Utilities */ = {
			isa = PBXGroup;
			children = (
				D7B7E5332229DCC900FEB6A4 /* StorageManager.swift */,
				D7B7E5352229DD4C00FEB6A4 /* DatabaseManager.swift */,
				D7FEB52C2229ED34004C77C6 /* FirebaseError.swift */,
				D7FEB5302229F6F2004C77C6 /* SessionManager.swift */,
			);
			path = "Firebase Utilities";
			sourceTree = "<group>";
		};
/* End PBXGroup section */

/* Begin PBXNativeTarget section */
		D7B7E5042229D6B900FEB6A4 /* flow */ = {
			isa = PBXNativeTarget;
			buildConfigurationList = D7B7E5172229D6BB00FEB6A4 /* Build configuration list for PBXNativeTarget "flow" */;
			buildPhases = (
				BB194983FDF6808CC5C7962E /* [CP] Check Pods Manifest.lock */,
				D7B7E5012229D6B900FEB6A4 /* Sources */,
				D7B7E5022229D6B900FEB6A4 /* Frameworks */,
				D7B7E5032229D6B900FEB6A4 /* Resources */,
				3787907A5DF7348B6C03A363 /* [CP] Embed Pods Frameworks */,
			);
			buildRules = (
			);
			dependencies = (
			);
			name = flow;
			productName = flow;
			productReference = D7B7E5052229D6B900FEB6A4 /* flow.app */;
			productType = "com.apple.product-type.application";
		};
/* End PBXNativeTarget section */

/* Begin PBXProject section */
		D7B7E4FD2229D6B900FEB6A4 /* Project object */ = {
			isa = PBXProject;
			attributes = {
				LastSwiftUpdateCheck = 1010;
				LastUpgradeCheck = 1010;
				ORGANIZATIONNAME = iosdevrookie;
				TargetAttributes = {
					D7B7E5042229D6B900FEB6A4 = {
						CreatedOnToolsVersion = 10.1;
					};
				};
			};
			buildConfigurationList = D7B7E5002229D6B900FEB6A4 /* Build configuration list for PBXProject "flow" */;
			compatibilityVersion = "Xcode 9.3";
			developmentRegion = en;
			hasScannedForEncodings = 0;
			knownRegions = (
				en,
				Base,
			);
			mainGroup = D7B7E4FC2229D6B900FEB6A4;
			productRefGroup = D7B7E5062229D6B900FEB6A4 /* Products */;
			projectDirPath = "";
			projectRoot = "";
			targets = (
				D7B7E5042229D6B900FEB6A4 /* flow */,
			);
		};
/* End PBXProject section */

/* Begin PBXResourcesBuildPhase section */
		D7B7E5032229D6B900FEB6A4 /* Resources */ = {
			isa = PBXResourcesBuildPhase;
			buildActionMask = 2147483647;
			files = (
				D7B7E5132229D6BB00FEB6A4 /* LaunchScreen.storyboard in Resources */,
				D7FEB52F2229F62F004C77C6 /* GoogleService-Info.plist in Resources */,
				D7B7E5102229D6BB00FEB6A4 /* Assets.xcassets in Resources */,
				D7B7E50E2229D6B900FEB6A4 /* Main.storyboard in Resources */,
			);
			runOnlyForDeploymentPostprocessing = 0;
		};
/* End PBXResourcesBuildPhase section */

/* Begin PBXShellScriptBuildPhase section */
		3787907A5DF7348B6C03A363 /* [CP] Embed Pods Frameworks */ = {
			isa = PBXShellScriptBuildPhase;
			buildActionMask = 2147483647;
			files = (
			);
			inputFileListPaths = (
			);
			inputPaths = (
				"${PODS_ROOT}/Target Support Files/Pods-flow/Pods-flow-frameworks.sh",
				"${BUILT_PRODUCTS_DIR}/BoringSSL-GRPC/openssl_grpc.framework",
				"${BUILT_PRODUCTS_DIR}/GTMSessionFetcher/GTMSessionFetcher.framework",
				"${BUILT_PRODUCTS_DIR}/GoogleUtilities/GoogleUtilities.framework",
				"${BUILT_PRODUCTS_DIR}/Protobuf/Protobuf.framework",
				"${BUILT_PRODUCTS_DIR}/gRPC-C++/grpcpp.framework",
				"${BUILT_PRODUCTS_DIR}/gRPC-Core/grpc.framework",
				"${BUILT_PRODUCTS_DIR}/leveldb-library/leveldb.framework",
				"${BUILT_PRODUCTS_DIR}/nanopb/nanopb.framework",
			);
			name = "[CP] Embed Pods Frameworks";
			outputFileListPaths = (
			);
			outputPaths = (
				"${TARGET_BUILD_DIR}/${FRAMEWORKS_FOLDER_PATH}/openssl_grpc.framework",
				"${TARGET_BUILD_DIR}/${FRAMEWORKS_FOLDER_PATH}/GTMSessionFetcher.framework",
				"${TARGET_BUILD_DIR}/${FRAMEWORKS_FOLDER_PATH}/GoogleUtilities.framework",
				"${TARGET_BUILD_DIR}/${FRAMEWORKS_FOLDER_PATH}/Protobuf.framework",
				"${TARGET_BUILD_DIR}/${FRAMEWORKS_FOLDER_PATH}/grpcpp.framework",
				"${TARGET_BUILD_DIR}/${FRAMEWORKS_FOLDER_PATH}/grpc.framework",
				"${TARGET_BUILD_DIR}/${FRAMEWORKS_FOLDER_PATH}/leveldb.framework",
				"${TARGET_BUILD_DIR}/${FRAMEWORKS_FOLDER_PATH}/nanopb.framework",
			);
			runOnlyForDeploymentPostprocessing = 0;
			shellPath = /bin/sh;
			shellScript = "\"${PODS_ROOT}/Target Support Files/Pods-flow/Pods-flow-frameworks.sh\"\n";
			showEnvVarsInLog = 0;
		};
		BB194983FDF6808CC5C7962E /* [CP] Check Pods Manifest.lock */ = {
			isa = PBXShellScriptBuildPhase;
			buildActionMask = 2147483647;
			files = (
			);
			inputFileListPaths = (
			);
			inputPaths = (
				"${PODS_PODFILE_DIR_PATH}/Podfile.lock",
				"${PODS_ROOT}/Manifest.lock",
			);
			name = "[CP] Check Pods Manifest.lock";
			outputFileListPaths = (
			);
			outputPaths = (
				"$(DERIVED_FILE_DIR)/Pods-flow-checkManifestLockResult.txt",
			);
			runOnlyForDeploymentPostprocessing = 0;
			shellPath = /bin/sh;
			shellScript = "diff \"${PODS_PODFILE_DIR_PATH}/Podfile.lock\" \"${PODS_ROOT}/Manifest.lock\" > /dev/null\nif [ $? != 0 ] ; then\n    # print error to STDERR\n    echo \"error: The sandbox is not in sync with the Podfile.lock. Run 'pod install' or update your CocoaPods installation.\" >&2\n    exit 1\nfi\n# This output is used by Xcode 'outputs' to avoid re-running this script phase.\necho \"SUCCESS\" > \"${SCRIPT_OUTPUT_FILE_0}\"\n";
			showEnvVarsInLog = 0;
		};
/* End PBXShellScriptBuildPhase section */

/* Begin PBXSourcesBuildPhase section */
		D7B7E5012229D6B900FEB6A4 /* Sources */ = {
			isa = PBXSourcesBuildPhase;
			buildActionMask = 2147483647;
			files = (
				D7B7E51C2229D7F000FEB6A4 /* LoginView.swift in Sources */,
				D7B7E52A2229DC0C00FEB6A4 /* ChannelViewController.swift in Sources */,
				D7FEB5312229F6F2004C77C6 /* SessionManager.swift in Sources */,
				D7B7E52C2229DC1800FEB6A4 /* AuthViewController.swift in Sources */,
				D7B7E50B2229D6B900FEB6A4 /* ViewController.swift in Sources */,
				D7B7E5202229D81E00FEB6A4 /* ChannelsView.swift in Sources */,
				D7B7E51E2229D80100FEB6A4 /* PlaylistView.swift in Sources */,
				D7B7E5362229DD4C00FEB6A4 /* DatabaseManager.swift in Sources */,
				D7B7E5302229DC3700FEB6A4 /* ProfileViewController.swift in Sources */,
				D7B7E5272229D89400FEB6A4 /* User.swift in Sources */,
				D7B7E52E2229DC2F00FEB6A4 /* PlaylistViewController.swift in Sources */,
				D7B7E5222229D84F00FEB6A4 /* ProfileView.swift in Sources */,
				D7B7E5252229D88700FEB6A4 /* Video.swift in Sources */,
				D7B7E5382229DDE300FEB6A4 /* NetworkManager.swift in Sources */,
				D7B7E5092229D6B900FEB6A4 /* AppDelegate.swift in Sources */,
				D7B7E5342229DCC900FEB6A4 /* StorageManager.swift in Sources */,
				D7FEB52D2229ED34004C77C6 /* FirebaseError.swift in Sources */,
				D7B7E53A2229DE7900FEB6A4 /* VideoAPIClient.swift in Sources */,
			);
			runOnlyForDeploymentPostprocessing = 0;
		};
/* End PBXSourcesBuildPhase section */

/* Begin PBXVariantGroup section */
		D7B7E50C2229D6B900FEB6A4 /* Main.storyboard */ = {
			isa = PBXVariantGroup;
			children = (
				D7B7E50D2229D6B900FEB6A4 /* Base */,
			);
			name = Main.storyboard;
			sourceTree = "<group>";
		};
		D7B7E5112229D6BB00FEB6A4 /* LaunchScreen.storyboard */ = {
			isa = PBXVariantGroup;
			children = (
				D7B7E5122229D6BB00FEB6A4 /* Base */,
			);
			name = LaunchScreen.storyboard;
			sourceTree = "<group>";
		};
/* End PBXVariantGroup section */

/* Begin XCBuildConfiguration section */
		D7B7E5152229D6BB00FEB6A4 /* Debug */ = {
			isa = XCBuildConfiguration;
			buildSettings = {
				ALWAYS_SEARCH_USER_PATHS = NO;
				CLANG_ANALYZER_NONNULL = YES;
				CLANG_ANALYZER_NUMBER_OBJECT_CONVERSION = YES_AGGRESSIVE;
				CLANG_CXX_LANGUAGE_STANDARD = "gnu++14";
				CLANG_CXX_LIBRARY = "libc++";
				CLANG_ENABLE_MODULES = YES;
				CLANG_ENABLE_OBJC_ARC = YES;
				CLANG_ENABLE_OBJC_WEAK = YES;
				CLANG_WARN_BLOCK_CAPTURE_AUTORELEASING = YES;
				CLANG_WARN_BOOL_CONVERSION = YES;
				CLANG_WARN_COMMA = YES;
				CLANG_WARN_CONSTANT_CONVERSION = YES;
				CLANG_WARN_DEPRECATED_OBJC_IMPLEMENTATIONS = YES;
				CLANG_WARN_DIRECT_OBJC_ISA_USAGE = YES_ERROR;
				CLANG_WARN_DOCUMENTATION_COMMENTS = YES;
				CLANG_WARN_EMPTY_BODY = YES;
				CLANG_WARN_ENUM_CONVERSION = YES;
				CLANG_WARN_INFINITE_RECURSION = YES;
				CLANG_WARN_INT_CONVERSION = YES;
				CLANG_WARN_NON_LITERAL_NULL_CONVERSION = YES;
				CLANG_WARN_OBJC_IMPLICIT_RETAIN_SELF = YES;
				CLANG_WARN_OBJC_LITERAL_CONVERSION = YES;
				CLANG_WARN_OBJC_ROOT_CLASS = YES_ERROR;
				CLANG_WARN_RANGE_LOOP_ANALYSIS = YES;
				CLANG_WARN_STRICT_PROTOTYPES = YES;
				CLANG_WARN_SUSPICIOUS_MOVE = YES;
				CLANG_WARN_UNGUARDED_AVAILABILITY = YES_AGGRESSIVE;
				CLANG_WARN_UNREACHABLE_CODE = YES;
				CLANG_WARN__DUPLICATE_METHOD_MATCH = YES;
				CODE_SIGN_IDENTITY = "iPhone Developer";
				COPY_PHASE_STRIP = NO;
				DEBUG_INFORMATION_FORMAT = dwarf;
				ENABLE_STRICT_OBJC_MSGSEND = YES;
				ENABLE_TESTABILITY = YES;
				GCC_C_LANGUAGE_STANDARD = gnu11;
				GCC_DYNAMIC_NO_PIC = NO;
				GCC_NO_COMMON_BLOCKS = YES;
				GCC_OPTIMIZATION_LEVEL = 0;
				GCC_PREPROCESSOR_DEFINITIONS = (
					"DEBUG=1",
					"$(inherited)",
				);
				GCC_WARN_64_TO_32_BIT_CONVERSION = YES;
				GCC_WARN_ABOUT_RETURN_TYPE = YES_ERROR;
				GCC_WARN_UNDECLARED_SELECTOR = YES;
				GCC_WARN_UNINITIALIZED_AUTOS = YES_AGGRESSIVE;
				GCC_WARN_UNUSED_FUNCTION = YES;
				GCC_WARN_UNUSED_VARIABLE = YES;
				IPHONEOS_DEPLOYMENT_TARGET = 12.1;
				MTL_ENABLE_DEBUG_INFO = INCLUDE_SOURCE;
				MTL_FAST_MATH = YES;
				ONLY_ACTIVE_ARCH = YES;
				SDKROOT = iphoneos;
				SWIFT_ACTIVE_COMPILATION_CONDITIONS = DEBUG;
				SWIFT_OPTIMIZATION_LEVEL = "-Onone";
			};
			name = Debug;
		};
		D7B7E5162229D6BB00FEB6A4 /* Release */ = {
			isa = XCBuildConfiguration;
			buildSettings = {
				ALWAYS_SEARCH_USER_PATHS = NO;
				CLANG_ANALYZER_NONNULL = YES;
				CLANG_ANALYZER_NUMBER_OBJECT_CONVERSION = YES_AGGRESSIVE;
				CLANG_CXX_LANGUAGE_STANDARD = "gnu++14";
				CLANG_CXX_LIBRARY = "libc++";
				CLANG_ENABLE_MODULES = YES;
				CLANG_ENABLE_OBJC_ARC = YES;
				CLANG_ENABLE_OBJC_WEAK = YES;
				CLANG_WARN_BLOCK_CAPTURE_AUTORELEASING = YES;
				CLANG_WARN_BOOL_CONVERSION = YES;
				CLANG_WARN_COMMA = YES;
				CLANG_WARN_CONSTANT_CONVERSION = YES;
				CLANG_WARN_DEPRECATED_OBJC_IMPLEMENTATIONS = YES;
				CLANG_WARN_DIRECT_OBJC_ISA_USAGE = YES_ERROR;
				CLANG_WARN_DOCUMENTATION_COMMENTS = YES;
				CLANG_WARN_EMPTY_BODY = YES;
				CLANG_WARN_ENUM_CONVERSION = YES;
				CLANG_WARN_INFINITE_RECURSION = YES;
				CLANG_WARN_INT_CONVERSION = YES;
				CLANG_WARN_NON_LITERAL_NULL_CONVERSION = YES;
				CLANG_WARN_OBJC_IMPLICIT_RETAIN_SELF = YES;
				CLANG_WARN_OBJC_LITERAL_CONVERSION = YES;
				CLANG_WARN_OBJC_ROOT_CLASS = YES_ERROR;
				CLANG_WARN_RANGE_LOOP_ANALYSIS = YES;
				CLANG_WARN_STRICT_PROTOTYPES = YES;
				CLANG_WARN_SUSPICIOUS_MOVE = YES;
				CLANG_WARN_UNGUARDED_AVAILABILITY = YES_AGGRESSIVE;
				CLANG_WARN_UNREACHABLE_CODE = YES;
				CLANG_WARN__DUPLICATE_METHOD_MATCH = YES;
				CODE_SIGN_IDENTITY = "iPhone Developer";
				COPY_PHASE_STRIP = NO;
				DEBUG_INFORMATION_FORMAT = "dwarf-with-dsym";
				ENABLE_NS_ASSERTIONS = NO;
				ENABLE_STRICT_OBJC_MSGSEND = YES;
				GCC_C_LANGUAGE_STANDARD = gnu11;
				GCC_NO_COMMON_BLOCKS = YES;
				GCC_WARN_64_TO_32_BIT_CONVERSION = YES;
				GCC_WARN_ABOUT_RETURN_TYPE = YES_ERROR;
				GCC_WARN_UNDECLARED_SELECTOR = YES;
				GCC_WARN_UNINITIALIZED_AUTOS = YES_AGGRESSIVE;
				GCC_WARN_UNUSED_FUNCTION = YES;
				GCC_WARN_UNUSED_VARIABLE = YES;
				IPHONEOS_DEPLOYMENT_TARGET = 12.1;
				MTL_ENABLE_DEBUG_INFO = NO;
				MTL_FAST_MATH = YES;
				SDKROOT = iphoneos;
				SWIFT_COMPILATION_MODE = wholemodule;
				SWIFT_OPTIMIZATION_LEVEL = "-O";
				VALIDATE_PRODUCT = YES;
			};
			name = Release;
		};
		D7B7E5182229D6BB00FEB6A4 /* Debug */ = {
			isa = XCBuildConfiguration;
			baseConfigurationReference = 9B7900EE5ED477527D2D985D /* Pods-flow.debug.xcconfig */;
			buildSettings = {
				ASSETCATALOG_COMPILER_APPICON_NAME = AppIcon;
				CODE_SIGN_STYLE = Automatic;
				INFOPLIST_FILE = flow/Info.plist;
				LD_RUNPATH_SEARCH_PATHS = (
					"$(inherited)",
					"@executable_path/Frameworks",
				);
				PRODUCT_BUNDLE_IDENTIFIER = com.superapiguy.streamapp;
				PRODUCT_NAME = "$(TARGET_NAME)";
				SWIFT_VERSION = 4.2;
				TARGETED_DEVICE_FAMILY = "1,2";
			};
			name = Debug;
		};
		D7B7E5192229D6BB00FEB6A4 /* Release */ = {
			isa = XCBuildConfiguration;
			baseConfigurationReference = A0A60204C6F795C428843277 /* Pods-flow.release.xcconfig */;
			buildSettings = {
				ASSETCATALOG_COMPILER_APPICON_NAME = AppIcon;
				CODE_SIGN_STYLE = Automatic;
				INFOPLIST_FILE = flow/Info.plist;
				LD_RUNPATH_SEARCH_PATHS = (
					"$(inherited)",
					"@executable_path/Frameworks",
				);
				PRODUCT_BUNDLE_IDENTIFIER = com.superapiguy.streamapp;
				PRODUCT_NAME = "$(TARGET_NAME)";
				SWIFT_VERSION = 4.2;
				TARGETED_DEVICE_FAMILY = "1,2";
			};
			name = Release;
		};
/* End XCBuildConfiguration section */

/* Begin XCConfigurationList section */
		D7B7E5002229D6B900FEB6A4 /* Build configuration list for PBXProject "flow" */ = {
			isa = XCConfigurationList;
			buildConfigurations = (
				D7B7E5152229D6BB00FEB6A4 /* Debug */,
				D7B7E5162229D6BB00FEB6A4 /* Release */,
			);
			defaultConfigurationIsVisible = 0;
			defaultConfigurationName = Release;
		};
		D7B7E5172229D6BB00FEB6A4 /* Build configuration list for PBXNativeTarget "flow" */ = {
			isa = XCConfigurationList;
			buildConfigurations = (
				D7B7E5182229D6BB00FEB6A4 /* Debug */,
				D7B7E5192229D6BB00FEB6A4 /* Release */,
			);
			defaultConfigurationIsVisible = 0;
			defaultConfigurationName = Release;
		};
/* End XCConfigurationList section */
	};
	rootObject = D7B7E4FD2229D6B900FEB6A4 /* Project object */;
}
